// !$*UTF8*$!
{
	archiveVersion = 1;
	classes = {
	};
	objectVersion = 46;
	objects = {

/* Begin PBXBuildFile section */
		A777B7B41D7CBDB90046DEB7 /* AppDelegate.swift in Sources */ = {isa = PBXBuildFile; fileRef = A777B7B31D7CBDB90046DEB7 /* AppDelegate.swift */; };
		A777B7B61D7CBDB90046DEB7 /* ViewController.swift in Sources */ = {isa = PBXBuildFile; fileRef = A777B7B51D7CBDB90046DEB7 /* ViewController.swift */; };
		A777B7B91D7CBDB90046DEB7 /* Main.storyboard in Resources */ = {isa = PBXBuildFile; fileRef = A777B7B71D7CBDB90046DEB7 /* Main.storyboard */; };
		A777B7BB1D7CBDB90046DEB7 /* Assets.xcassets in Resources */ = {isa = PBXBuildFile; fileRef = A777B7BA1D7CBDB90046DEB7 /* Assets.xcassets */; };
		A777B7BE1D7CBDB90046DEB7 /* LaunchScreen.storyboard in Resources */ = {isa = PBXBuildFile; fileRef = A777B7BC1D7CBDB90046DEB7 /* LaunchScreen.storyboard */; };
		A777B7C31D7CBDB90046DEB7 /* PizzaW WatchKit App.app in Embed Watch Content */ = {isa = PBXBuildFile; fileRef = A777B7C21D7CBDB90046DEB7 /* PizzaW WatchKit App.app */; };
		A777B7C91D7CBDB90046DEB7 /* Interface.storyboard in Resources */ = {isa = PBXBuildFile; fileRef = A777B7C71D7CBDB90046DEB7 /* Interface.storyboard */; };
		A777B7CB1D7CBDB90046DEB7 /* Assets.xcassets in Resources */ = {isa = PBXBuildFile; fileRef = A777B7CA1D7CBDB90046DEB7 /* Assets.xcassets */; };
		A777B7D21D7CBDBA0046DEB7 /* PizzaW WatchKit Extension.appex in Embed App Extensions */ = {isa = PBXBuildFile; fileRef = A777B7D11D7CBDBA0046DEB7 /* PizzaW WatchKit Extension.appex */; settings = {ATTRIBUTES = (RemoveHeadersOnCopy, ); }; };
		A777B7D91D7CBDBA0046DEB7 /* InterfaceController.swift in Sources */ = {isa = PBXBuildFile; fileRef = A777B7D81D7CBDBA0046DEB7 /* InterfaceController.swift */; };
		A777B7DB1D7CBDBA0046DEB7 /* ExtensionDelegate.swift in Sources */ = {isa = PBXBuildFile; fileRef = A777B7DA1D7CBDBA0046DEB7 /* ExtensionDelegate.swift */; };
		A777B7DD1D7CBDBA0046DEB7 /* NotificationController.swift in Sources */ = {isa = PBXBuildFile; fileRef = A777B7DC1D7CBDBA0046DEB7 /* NotificationController.swift */; };
		A777B7DF1D7CBDBA0046DEB7 /* Assets.xcassets in Resources */ = {isa = PBXBuildFile; fileRef = A777B7DE1D7CBDBA0046DEB7 /* Assets.xcassets */; };
		A777B7F11D7CC7D20046DEB7 /* Masa.swift in Sources */ = {isa = PBXBuildFile; fileRef = A777B7F01D7CC7D20046DEB7 /* Masa.swift */; };
		A777B7F31D7CC9F20046DEB7 /* Tamaño.swift in Sources */ = {isa = PBXBuildFile; fileRef = A777B7F21D7CC9F20046DEB7 /* Tamaño.swift */; };
		A777B7F51D7CD3610046DEB7 /* Queso.swift in Sources */ = {isa = PBXBuildFile; fileRef = A777B7F41D7CD3610046DEB7 /* Queso.swift */; };
		A777B7F71D7CD50B0046DEB7 /* Ingredientes.swift in Sources */ = {isa = PBXBuildFile; fileRef = A777B7F61D7CD50B0046DEB7 /* Ingredientes.swift */; };
		A777B7F91D7CE3FC0046DEB7 /* Confirmacion.swift in Sources */ = {isa = PBXBuildFile; fileRef = A777B7F81D7CE3FC0046DEB7 /* Confirmacion.swift */; };
		A777B7FB1D7D17D00046DEB7 /* Fin.swift in Sources */ = {isa = PBXBuildFile; fileRef = A777B7FA1D7D17D00046DEB7 /* Fin.swift */; };
/* End PBXBuildFile section */

/* Begin PBXContainerItemProxy section */
		A777B7C41D7CBDB90046DEB7 /* PBXContainerItemProxy */ = {
			isa = PBXContainerItemProxy;
			containerPortal = A777B7A81D7CBDB90046DEB7 /* Project object */;
			proxyType = 1;
			remoteGlobalIDString = A777B7C11D7CBDB90046DEB7;
			remoteInfo = "PizzaW WatchKit App";
		};
		A777B7D31D7CBDBA0046DEB7 /* PBXContainerItemProxy */ = {
			isa = PBXContainerItemProxy;
			containerPortal = A777B7A81D7CBDB90046DEB7 /* Project object */;
			proxyType = 1;
			remoteGlobalIDString = A777B7D01D7CBDBA0046DEB7;
			remoteInfo = "PizzaW WatchKit Extension";
		};
/* End PBXContainerItemProxy section */

/* Begin PBXCopyFilesBuildPhase section */
		A777B7E61D7CBDBA0046DEB7 /* Embed App Extensions */ = {
			isa = PBXCopyFilesBuildPhase;
			buildActionMask = 2147483647;
			dstPath = "";
			dstSubfolderSpec = 13;
			files = (
				A777B7D21D7CBDBA0046DEB7 /* PizzaW WatchKit Extension.appex in Embed App Extensions */,
			);
			name = "Embed App Extensions";
			runOnlyForDeploymentPostprocessing = 0;
		};
		A777B7EA1D7CBDBA0046DEB7 /* Embed Watch Content */ = {
			isa = PBXCopyFilesBuildPhase;
			buildActionMask = 2147483647;
			dstPath = "$(CONTENTS_FOLDER_PATH)/Watch";
			dstSubfolderSpec = 16;
			files = (
				A777B7C31D7CBDB90046DEB7 /* PizzaW WatchKit App.app in Embed Watch Content */,
			);
			name = "Embed Watch Content";
			runOnlyForDeploymentPostprocessing = 0;
		};
/* End PBXCopyFilesBuildPhase section */

/* Begin PBXFileReference section */
		A777B7B01D7CBDB90046DEB7 /* PizzaW.app */ = {isa = PBXFileReference; explicitFileType = wrapper.application; includeInIndex = 0; path = PizzaW.app; sourceTree = BUILT_PRODUCTS_DIR; };
		A777B7B31D7CBDB90046DEB7 /* AppDelegate.swift */ = {isa = PBXFileReference; lastKnownFileType = sourcecode.swift; path = AppDelegate.swift; sourceTree = "<group>"; };
		A777B7B51D7CBDB90046DEB7 /* ViewController.swift */ = {isa = PBXFileReference; lastKnownFileType = sourcecode.swift; path = ViewController.swift; sourceTree = "<group>"; };
		A777B7B81D7CBDB90046DEB7 /* Base */ = {isa = PBXFileReference; lastKnownFileType = file.storyboard; name = Base; path = Base.lproj/Main.storyboard; sourceTree = "<group>"; };
		A777B7BA1D7CBDB90046DEB7 /* Assets.xcassets */ = {isa = PBXFileReference; lastKnownFileType = folder.assetcatalog; path = Assets.xcassets; sourceTree = "<group>"; };
		A777B7BD1D7CBDB90046DEB7 /* Base */ = {isa = PBXFileReference; lastKnownFileType = file.storyboard; name = Base; path = Base.lproj/LaunchScreen.storyboard; sourceTree = "<group>"; };
		A777B7BF1D7CBDB90046DEB7 /* Info.plist */ = {isa = PBXFileReference; lastKnownFileType = text.plist.xml; path = Info.plist; sourceTree = "<group>"; };
		A777B7C21D7CBDB90046DEB7 /* PizzaW WatchKit App.app */ = {isa = PBXFileReference; explicitFileType = wrapper.application; includeInIndex = 0; path = "PizzaW WatchKit App.app"; sourceTree = BUILT_PRODUCTS_DIR; };
		A777B7C81D7CBDB90046DEB7 /* Base */ = {isa = PBXFileReference; lastKnownFileType = file.storyboard; name = Base; path = Base.lproj/Interface.storyboard; sourceTree = "<group>"; };
		A777B7CA1D7CBDB90046DEB7 /* Assets.xcassets */ = {isa = PBXFileReference; lastKnownFileType = folder.assetcatalog; path = Assets.xcassets; sourceTree = "<group>"; };
		A777B7CC1D7CBDB90046DEB7 /* Info.plist */ = {isa = PBXFileReference; lastKnownFileType = text.plist.xml; path = Info.plist; sourceTree = "<group>"; };
		A777B7D11D7CBDBA0046DEB7 /* PizzaW WatchKit Extension.appex */ = {isa = PBXFileReference; explicitFileType = "wrapper.app-extension"; includeInIndex = 0; path = "PizzaW WatchKit Extension.appex"; sourceTree = BUILT_PRODUCTS_DIR; };
		A777B7D71D7CBDBA0046DEB7 /* PushNotificationPayload.apns */ = {isa = PBXFileReference; lastKnownFileType = text; path = PushNotificationPayload.apns; sourceTree = "<group>"; };
		A777B7D81D7CBDBA0046DEB7 /* InterfaceController.swift */ = {isa = PBXFileReference; lastKnownFileType = sourcecode.swift; path = InterfaceController.swift; sourceTree = "<group>"; };
		A777B7DA1D7CBDBA0046DEB7 /* ExtensionDelegate.swift */ = {isa = PBXFileReference; lastKnownFileType = sourcecode.swift; path = ExtensionDelegate.swift; sourceTree = "<group>"; };
		A777B7DC1D7CBDBA0046DEB7 /* NotificationController.swift */ = {isa = PBXFileReference; lastKnownFileType = sourcecode.swift; path = NotificationController.swift; sourceTree = "<group>"; };
		A777B7DE1D7CBDBA0046DEB7 /* Assets.xcassets */ = {isa = PBXFileReference; lastKnownFileType = folder.assetcatalog; path = Assets.xcassets; sourceTree = "<group>"; };
		A777B7E01D7CBDBA0046DEB7 /* Info.plist */ = {isa = PBXFileReference; lastKnownFileType = text.plist.xml; path = Info.plist; sourceTree = "<group>"; };
		A777B7F01D7CC7D20046DEB7 /* Masa.swift */ = {isa = PBXFileReference; fileEncoding = 4; lastKnownFileType = sourcecode.swift; path = Masa.swift; sourceTree = "<group>"; };
		A777B7F21D7CC9F20046DEB7 /* Tamaño.swift */ = {isa = PBXFileReference; fileEncoding = 4; lastKnownFileType = sourcecode.swift; path = "Tamaño.swift"; sourceTree = "<group>"; };
		A777B7F41D7CD3610046DEB7 /* Queso.swift */ = {isa = PBXFileReference; fileEncoding = 4; lastKnownFileType = sourcecode.swift; path = Queso.swift; sourceTree = "<group>"; };
		A777B7F61D7CD50B0046DEB7 /* Ingredientes.swift */ = {isa = PBXFileReference; fileEncoding = 4; lastKnownFileType = sourcecode.swift; path = Ingredientes.swift; sourceTree = "<group>"; };
		A777B7F81D7CE3FC0046DEB7 /* Confirmacion.swift */ = {isa = PBXFileReference; fileEncoding = 4; lastKnownFileType = sourcecode.swift; path = Confirmacion.swift; sourceTree = "<group>"; };
		A777B7FA1D7D17D00046DEB7 /* Fin.swift */ = {isa = PBXFileReference; fileEncoding = 4; lastKnownFileType = sourcecode.swift; path = Fin.swift; sourceTree = "<group>"; };
/* End PBXFileReference section */

/* Begin PBXFrameworksBuildPhase section */
		A777B7AD1D7CBDB90046DEB7 /* Frameworks */ = {
			isa = PBXFrameworksBuildPhase;
			buildActionMask = 2147483647;
			files = (
			);
			runOnlyForDeploymentPostprocessing = 0;
		};
		A777B7CE1D7CBDBA0046DEB7 /* Frameworks */ = {
			isa = PBXFrameworksBuildPhase;
			buildActionMask = 2147483647;
			files = (
			);
			runOnlyForDeploymentPostprocessing = 0;
		};
/* End PBXFrameworksBuildPhase section */

/* Begin PBXGroup section */
		A777B7A71D7CBDB90046DEB7 = {
			isa = PBXGroup;
			children = (
				A777B7B21D7CBDB90046DEB7 /* PizzaW */,
				A777B7C61D7CBDB90046DEB7 /* PizzaW WatchKit App */,
				A777B7D51D7CBDBA0046DEB7 /* PizzaW WatchKit Extension */,
				A777B7B11D7CBDB90046DEB7 /* Products */,
			);
			sourceTree = "<group>";
		};
		A777B7B11D7CBDB90046DEB7 /* Products */ = {
			isa = PBXGroup;
			children = (
				A777B7B01D7CBDB90046DEB7 /* PizzaW.app */,
				A777B7C21D7CBDB90046DEB7 /* PizzaW WatchKit App.app */,
				A777B7D11D7CBDBA0046DEB7 /* PizzaW WatchKit Extension.appex */,
			);
			name = Products;
			sourceTree = "<group>";
		};
		A777B7B21D7CBDB90046DEB7 /* PizzaW */ = {
			isa = PBXGroup;
			children = (
				A777B7B31D7CBDB90046DEB7 /* AppDelegate.swift */,
				A777B7B51D7CBDB90046DEB7 /* ViewController.swift */,
				A777B7B71D7CBDB90046DEB7 /* Main.storyboard */,
				A777B7BA1D7CBDB90046DEB7 /* Assets.xcassets */,
				A777B7BC1D7CBDB90046DEB7 /* LaunchScreen.storyboard */,
				A777B7BF1D7CBDB90046DEB7 /* Info.plist */,
			);
			path = PizzaW;
			sourceTree = "<group>";
		};
		A777B7C61D7CBDB90046DEB7 /* PizzaW WatchKit App */ = {
			isa = PBXGroup;
			children = (
				A777B7C71D7CBDB90046DEB7 /* Interface.storyboard */,
				A777B7CA1D7CBDB90046DEB7 /* Assets.xcassets */,
				A777B7CC1D7CBDB90046DEB7 /* Info.plist */,
			);
			path = "PizzaW WatchKit App";
			sourceTree = "<group>";
		};
		A777B7D51D7CBDBA0046DEB7 /* PizzaW WatchKit Extension */ = {
			isa = PBXGroup;
			children = (
				A777B7D81D7CBDBA0046DEB7 /* InterfaceController.swift */,
				A777B7DA1D7CBDBA0046DEB7 /* ExtensionDelegate.swift */,
				A777B7DC1D7CBDBA0046DEB7 /* NotificationController.swift */,
				A777B7DE1D7CBDBA0046DEB7 /* Assets.xcassets */,
				A777B7E01D7CBDBA0046DEB7 /* Info.plist */,
				A777B7D61D7CBDBA0046DEB7 /* Supporting Files */,
				A777B7F01D7CC7D20046DEB7 /* Masa.swift */,
				A777B7F21D7CC9F20046DEB7 /* Tamaño.swift */,
				A777B7F41D7CD3610046DEB7 /* Queso.swift */,
				A777B7F61D7CD50B0046DEB7 /* Ingredientes.swift */,
				A777B7F81D7CE3FC0046DEB7 /* Confirmacion.swift */,
				A777B7FA1D7D17D00046DEB7 /* Fin.swift */,
			);
			path = "PizzaW WatchKit Extension";
			sourceTree = "<group>";
		};
		A777B7D61D7CBDBA0046DEB7 /* Supporting Files */ = {
			isa = PBXGroup;
			children = (
				A777B7D71D7CBDBA0046DEB7 /* PushNotificationPayload.apns */,
			);
			name = "Supporting Files";
			sourceTree = "<group>";
		};
/* End PBXGroup section */

/* Begin PBXNativeTarget section */
		A777B7AF1D7CBDB90046DEB7 /* PizzaW */ = {
			isa = PBXNativeTarget;
			buildConfigurationList = A777B7EB1D7CBDBA0046DEB7 /* Build configuration list for PBXNativeTarget "PizzaW" */;
			buildPhases = (
				A777B7AC1D7CBDB90046DEB7 /* Sources */,
				A777B7AD1D7CBDB90046DEB7 /* Frameworks */,
				A777B7AE1D7CBDB90046DEB7 /* Resources */,
				A777B7EA1D7CBDBA0046DEB7 /* Embed Watch Content */,
			);
			buildRules = (
			);
			dependencies = (
				A777B7C51D7CBDB90046DEB7 /* PBXTargetDependency */,
			);
			name = PizzaW;
			productName = PizzaW;
			productReference = A777B7B01D7CBDB90046DEB7 /* PizzaW.app */;
			productType = "com.apple.product-type.application";
		};
		A777B7C11D7CBDB90046DEB7 /* PizzaW WatchKit App */ = {
			isa = PBXNativeTarget;
			buildConfigurationList = A777B7E71D7CBDBA0046DEB7 /* Build configuration list for PBXNativeTarget "PizzaW WatchKit App" */;
			buildPhases = (
				A777B7C01D7CBDB90046DEB7 /* Resources */,
				A777B7E61D7CBDBA0046DEB7 /* Embed App Extensions */,
			);
			buildRules = (
			);
			dependencies = (
				A777B7D41D7CBDBA0046DEB7 /* PBXTargetDependency */,
			);
			name = "PizzaW WatchKit App";
			productName = "PizzaW WatchKit App";
			productReference = A777B7C21D7CBDB90046DEB7 /* PizzaW WatchKit App.app */;
			productType = "com.apple.product-type.application.watchapp2";
		};
		A777B7D01D7CBDBA0046DEB7 /* PizzaW WatchKit Extension */ = {
			isa = PBXNativeTarget;
			buildConfigurationList = A777B7E31D7CBDBA0046DEB7 /* Build configuration list for PBXNativeTarget "PizzaW WatchKit Extension" */;
			buildPhases = (
				A777B7CD1D7CBDBA0046DEB7 /* Sources */,
				A777B7CE1D7CBDBA0046DEB7 /* Frameworks */,
				A777B7CF1D7CBDBA0046DEB7 /* Resources */,
			);
			buildRules = (
			);
			dependencies = (
			);
			name = "PizzaW WatchKit Extension";
			productName = "PizzaW WatchKit Extension";
			productReference = A777B7D11D7CBDBA0046DEB7 /* PizzaW WatchKit Extension.appex */;
			productType = "com.apple.product-type.watchkit2-extension";
		};
/* End PBXNativeTarget section */

/* Begin PBXProject section */
		A777B7A81D7CBDB90046DEB7 /* Project object */ = {
			isa = PBXProject;
			attributes = {
				LastSwiftUpdateCheck = 0730;
				LastUpgradeCheck = 0730;
				ORGANIZATIONNAME = "Erick Rodriguez Ramos";
				TargetAttributes = {
					A777B7AF1D7CBDB90046DEB7 = {
						CreatedOnToolsVersion = 7.3;
					};
					A777B7C11D7CBDB90046DEB7 = {
						CreatedOnToolsVersion = 7.3;
					};
					A777B7D01D7CBDBA0046DEB7 = {
						CreatedOnToolsVersion = 7.3;
					};
				};
			};
			buildConfigurationList = A777B7AB1D7CBDB90046DEB7 /* Build configuration list for PBXProject "PizzaW" */;
			compatibilityVersion = "Xcode 3.2";
			developmentRegion = English;
			hasScannedForEncodings = 0;
			knownRegions = (
				en,
				Base,
			);
			mainGroup = A777B7A71D7CBDB90046DEB7;
			productRefGroup = A777B7B11D7CBDB90046DEB7 /* Products */;
			projectDirPath = "";
			projectRoot = "";
			targets = (
				A777B7AF1D7CBDB90046DEB7 /* PizzaW */,
				A777B7C11D7CBDB90046DEB7 /* PizzaW WatchKit App */,
				A777B7D01D7CBDBA0046DEB7 /* PizzaW WatchKit Extension */,
			);
		};
/* End PBXProject section */

/* Begin PBXResourcesBuildPhase section */
		A777B7AE1D7CBDB90046DEB7 /* Resources */ = {
			isa = PBXResourcesBuildPhase;
			buildActionMask = 2147483647;
			files = (
				A777B7BE1D7CBDB90046DEB7 /* LaunchScreen.storyboard in Resources */,
				A777B7BB1D7CBDB90046DEB7 /* Assets.xcassets in Resources */,
				A777B7B91D7CBDB90046DEB7 /* Main.storyboard in Resources */,
			);
			runOnlyForDeploymentPostprocessing = 0;
		};
		A777B7C01D7CBDB90046DEB7 /* Resources */ = {
			isa = PBXResourcesBuildPhase;
			buildActionMask = 2147483647;
			files = (
				A777B7CB1D7CBDB90046DEB7 /* Assets.xcassets in Resources */,
				A777B7C91D7CBDB90046DEB7 /* Interface.storyboard in Resources */,
			);
			runOnlyForDeploymentPostprocessing = 0;
		};
		A777B7CF1D7CBDBA0046DEB7 /* Resources */ = {
			isa = PBXResourcesBuildPhase;
			buildActionMask = 2147483647;
			files = (
				A777B7DF1D7CBDBA0046DEB7 /* Assets.xcassets in Resources */,
			);
			runOnlyForDeploymentPostprocessing = 0;
		};
/* End PBXResourcesBuildPhase section */

/* Begin PBXSourcesBuildPhase section */
		A777B7AC1D7CBDB90046DEB7 /* Sources */ = {
			isa = PBXSourcesBuildPhase;
			buildActionMask = 2147483647;
			files = (
				A777B7B61D7CBDB90046DEB7 /* ViewController.swift in Sources */,
				A777B7B41D7CBDB90046DEB7 /* AppDelegate.swift in Sources */,
			);
			runOnlyForDeploymentPostprocessing = 0;
		};
		A777B7CD1D7CBDBA0046DEB7 /* Sources */ = {
			isa = PBXSourcesBuildPhase;
			buildActionMask = 2147483647;
			files = (
				A777B7DD1D7CBDBA0046DEB7 /* NotificationController.swift in Sources */,
				A777B7FB1D7D17D00046DEB7 /* Fin.swift in Sources */,
				A777B7F51D7CD3610046DEB7 /* Queso.swift in Sources */,
				A777B7DB1D7CBDBA0046DEB7 /* ExtensionDelegate.swift in Sources */,
				A777B7D91D7CBDBA0046DEB7 /* InterfaceController.swift in Sources */,
				A777B7F71D7CD50B0046DEB7 /* Ingredientes.swift in Sources */,
				A777B7F91D7CE3FC0046DEB7 /* Confirmacion.swift in Sources */,
				A777B7F11D7CC7D20046DEB7 /* Masa.swift in Sources */,
				A777B7F31D7CC9F20046DEB7 /* Tamaño.swift in Sources */,
			);
			runOnlyForDeploymentPostprocessing = 0;
		};
/* End PBXSourcesBuildPhase section */

/* Begin PBXTargetDependency section */
		A777B7C51D7CBDB90046DEB7 /* PBXTargetDependency */ = {
			isa = PBXTargetDependency;
			target = A777B7C11D7CBDB90046DEB7 /* PizzaW WatchKit App */;
			targetProxy = A777B7C41D7CBDB90046DEB7 /* PBXContainerItemProxy */;
		};
		A777B7D41D7CBDBA0046DEB7 /* PBXTargetDependency */ = {
			isa = PBXTargetDependency;
			target = A777B7D01D7CBDBA0046DEB7 /* PizzaW WatchKit Extension */;
			targetProxy = A777B7D31D7CBDBA0046DEB7 /* PBXContainerItemProxy */;
		};
/* End PBXTargetDependency section */

/* Begin PBXVariantGroup section */
		A777B7B71D7CBDB90046DEB7 /* Main.storyboard */ = {
			isa = PBXVariantGroup;
			children = (
				A777B7B81D7CBDB90046DEB7 /* Base */,
			);
			name = Main.storyboard;
			sourceTree = "<group>";
		};
		A777B7BC1D7CBDB90046DEB7 /* LaunchScreen.storyboard */ = {
			isa = PBXVariantGroup;
			children = (
				A777B7BD1D7CBDB90046DEB7 /* Base */,
			);
			name = LaunchScreen.storyboard;
			sourceTree = "<group>";
		};
		A777B7C71D7CBDB90046DEB7 /* Interface.storyboard */ = {
			isa = PBXVariantGroup;
			children = (
				A777B7C81D7CBDB90046DEB7 /* Base */,
			);
			name = Interface.storyboard;
			sourceTree = "<group>";
		};
/* End PBXVariantGroup section */

/* Begin XCBuildConfiguration section */
		A777B7E11D7CBDBA0046DEB7 /* Debug */ = {
			isa = XCBuildConfiguration;
			buildSettings = {
				ALWAYS_SEARCH_USER_PATHS = NO;
				CLANG_ANALYZER_NONNULL = YES;
				CLANG_CXX_LANGUAGE_STANDARD = "gnu++0x";
				CLANG_CXX_LIBRARY = "libc++";
				CLANG_ENABLE_MODULES = YES;
				CLANG_ENABLE_OBJC_ARC = YES;
				CLANG_WARN_BOOL_CONVERSION = YES;
				CLANG_WARN_CONSTANT_CONVERSION = YES;
				CLANG_WARN_DIRECT_OBJC_ISA_USAGE = YES_ERROR;
				CLANG_WARN_EMPTY_BODY = YES;
				CLANG_WARN_ENUM_CONVERSION = YES;
				CLANG_WARN_INT_CONVERSION = YES;
				CLANG_WARN_OBJC_ROOT_CLASS = YES_ERROR;
				CLANG_WARN_UNREACHABLE_CODE = YES;
				CLANG_WARN__DUPLICATE_METHOD_MATCH = YES;
				"CODE_SIGN_IDENTITY[sdk=iphoneos*]" = "iPhone Developer";
				COPY_PHASE_STRIP = NO;
				DEBUG_INFORMATION_FORMAT = dwarf;
				ENABLE_STRICT_OBJC_MSGSEND = YES;
				ENABLE_TESTABILITY = YES;
				GCC_C_LANGUAGE_STANDARD = gnu99;
				GCC_DYNAMIC_NO_PIC = NO;
				GCC_NO_COMMON_BLOCKS = YES;
				GCC_OPTIMIZATION_LEVEL = 0;
				GCC_PREPROCESSOR_DEFINITIONS = (
					"DEBUG=1",
					"$(inherited)",
				);
				GCC_WARN_64_TO_32_BIT_CONVERSION = YES;
				GCC_WARN_ABOUT_RETURN_TYPE = YES_ERROR;
				GCC_WARN_UNDECLARED_SELECTOR = YES;
				GCC_WARN_UNINITIALIZED_AUTOS = YES_AGGRESSIVE;
				GCC_WARN_UNUSED_FUNCTION = YES;
				GCC_WARN_UNUSED_VARIABLE = YES;
				IPHONEOS_DEPLOYMENT_TARGET = 9.3;
				MTL_ENABLE_DEBUG_INFO = YES;
				ONLY_ACTIVE_ARCH = YES;
				SDKROOT = iphoneos;
				SWIFT_OPTIMIZATION_LEVEL = "-Onone";
				TARGETED_DEVICE_FAMILY = "1,2";
			};
			name = Debug;
		};
		A777B7E21D7CBDBA0046DEB7 /* Release */ = {
			isa = XCBuildConfiguration;
			buildSettings = {
				ALWAYS_SEARCH_USER_PATHS = NO;
				CLANG_ANALYZER_NONNULL = YES;
				CLANG_CXX_LANGUAGE_STANDARD = "gnu++0x";
				CLANG_CXX_LIBRARY = "libc++";
				CLANG_ENABLE_MODULES = YES;
				CLANG_ENABLE_OBJC_ARC = YES;
				CLANG_WARN_BOOL_CONVERSION = YES;
				CLANG_WARN_CONSTANT_CONVERSION = YES;
				CLANG_WARN_DIRECT_OBJC_ISA_USAGE = YES_ERROR;
				CLANG_WARN_EMPTY_BODY = YES;
				CLANG_WARN_ENUM_CONVERSION = YES;
				CLANG_WARN_INT_CONVERSION = YES;
				CLANG_WARN_OBJC_ROOT_CLASS = YES_ERROR;
				CLANG_WARN_UNREACHABLE_CODE = YES;
				CLANG_WARN__DUPLICATE_METHOD_MATCH = YES;
				"CODE_SIGN_IDENTITY[sdk=iphoneos*]" = "iPhone Developer";
				COPY_PHASE_STRIP = NO;
				DEBUG_INFORMATION_FORMAT = "dwarf-with-dsym";
				ENABLE_NS_ASSERTIONS = NO;
				ENABLE_STRICT_OBJC_MSGSEND = YES;
				GCC_C_LANGUAGE_STANDARD = gnu99;
				GCC_NO_COMMON_BLOCKS = YES;
				GCC_WARN_64_TO_32_BIT_CONVERSION = YES;
				GCC_WARN_ABOUT_RETURN_TYPE = YES_ERROR;
				GCC_WARN_UNDECLARED_SELECTOR = YES;
				GCC_WARN_UNINITIALIZED_AUTOS = YES_AGGRESSIVE;
				GCC_WARN_UNUSED_FUNCTION = YES;
				GCC_WARN_UNUSED_VARIABLE = YES;
				IPHONEOS_DEPLOYMENT_TARGET = 9.3;
				MTL_ENABLE_DEBUG_INFO = NO;
				SDKROOT = iphoneos;
				TARGETED_DEVICE_FAMILY = "1,2";
				VALIDATE_PRODUCT = YES;
			};
			name = Release;
		};
		A777B7E41D7CBDBA0046DEB7 /* Debug */ = {
			isa = XCBuildConfiguration;
			buildSettings = {
				INFOPLIST_FILE = "PizzaW WatchKit Extension/Info.plist";
				LD_RUNPATH_SEARCH_PATHS = "$(inherited) @executable_path/Frameworks @executable_path/../../Frameworks";
				PRODUCT_BUNDLE_IDENTIFIER = mx.erick.PizzaW.watchkitapp.watchkitextension;
				PRODUCT_NAME = "${TARGET_NAME}";
				SDKROOT = watchos;
				SKIP_INSTALL = YES;
				TARGETED_DEVICE_FAMILY = 4;
				WATCHOS_DEPLOYMENT_TARGET = 2.2;
			};
			name = Debug;
		};
		A777B7E51D7CBDBA0046DEB7 /* Release */ = {
			isa = XCBuildConfiguration;
			buildSettings = {
				INFOPLIST_FILE = "PizzaW WatchKit Extension/Info.plist";
				LD_RUNPATH_SEARCH_PATHS = "$(inherited) @executable_path/Frameworks @executable_path/../../Frameworks";
				PRODUCT_BUNDLE_IDENTIFIER = mx.erick.PizzaW.watchkitapp.watchkitextension;
				PRODUCT_NAME = "${TARGET_NAME}";
				SDKROOT = watchos;
				SKIP_INSTALL = YES;
				TARGETED_DEVICE_FAMILY = 4;
				WATCHOS_DEPLOYMENT_TARGET = 2.2;
			};
			name = Release;
		};
		A777B7E81D7CBDBA0046DEB7 /* Debug */ = {
			isa = XCBuildConfiguration;
			buildSettings = {
				ASSETCATALOG_COMPILER_APPICON_NAME = AppIcon;
				EMBEDDED_CONTENT_CONTAINS_SWIFT = YES;
				IBSC_MODULE = PizzaW_WatchKit_Extension;
				INFOPLIST_FILE = "PizzaW WatchKit App/Info.plist";
				PRODUCT_BUNDLE_IDENTIFIER = mx.erick.PizzaW.watchkitapp;
				PRODUCT_NAME = "$(TARGET_NAME)";
				SDKROOT = watchos;
				SKIP_INSTALL = YES;
				TARGETED_DEVICE_FAMILY = 4;
				WATCHOS_DEPLOYMENT_TARGET = 2.2;
			};
			name = Debug;
		};
		A777B7E91D7CBDBA0046DEB7 /* Release */ = {
			isa = XCBuildConfiguration;
			buildSettings = {
				ASSETCATALOG_COMPILER_APPICON_NAME = AppIcon;
				EMBEDDED_CONTENT_CONTAINS_SWIFT = YES;
				IBSC_MODULE = PizzaW_WatchKit_Extension;
				INFOPLIST_FILE = "PizzaW WatchKit App/Info.plist";
				PRODUCT_BUNDLE_IDENTIFIER = mx.erick.PizzaW.watchkitapp;
				PRODUCT_NAME = "$(TARGET_NAME)";
				SDKROOT = watchos;
				SKIP_INSTALL = YES;
				TARGETED_DEVICE_FAMILY = 4;
				WATCHOS_DEPLOYMENT_TARGET = 2.2;
			};
			name = Release;
		};
		A777B7EC1D7CBDBA0046DEB7 /* Debug */ = {
			isa = XCBuildConfiguration;
			buildSettings = {
				ASSETCATALOG_COMPILER_APPICON_NAME = AppIcon;
				INFOPLIST_FILE = PizzaW/Info.plist;
				LD_RUNPATH_SEARCH_PATHS = "$(inherited) @executable_path/Frameworks";
				PRODUCT_BUNDLE_IDENTIFIER = mx.erick.PizzaW;
				PRODUCT_NAME = "$(TARGET_NAME)";
			};
			name = Debug;
		};
		A777B7ED1D7CBDBA0046DEB7 /* Release */ = {
			isa = XCBuildConfiguration;
			buildSettings = {
				ASSETCATALOG_COMPILER_APPICON_NAME = AppIcon;
				INFOPLIST_FILE = PizzaW/Info.plist;
				LD_RUNPATH_SEARCH_PATHS = "$(inherited) @executable_path/Frameworks";
				PRODUCT_BUNDLE_IDENTIFIER = mx.erick.PizzaW;
				PRODUCT_NAME = "$(TARGET_NAME)";
			};
			name = Release;
		};
/* End XCBuildConfiguration section */

/* Begin XCConfigurationList section */
		A777B7AB1D7CBDB90046DEB7 /* Build configuration list for PBXProject "PizzaW" */ = {
			isa = XCConfigurationList;
			buildConfigurations = (
				A777B7E11D7CBDBA0046DEB7 /* Debug */,
				A777B7E21D7CBDBA0046DEB7 /* Release */,
			);
			defaultConfigurationIsVisible = 0;
			defaultConfigurationName = Release;
		};
		A777B7E31D7CBDBA0046DEB7 /* Build configuration list for PBXNativeTarget "PizzaW WatchKit Extension" */ = {
			isa = XCConfigurationList;
			buildConfigurations = (
				A777B7E41D7CBDBA0046DEB7 /* Debug */,
				A777B7E51D7CBDBA0046DEB7 /* Release */,
			);
			defaultConfigurationIsVisible = 0;
		};
		A777B7E71D7CBDBA0046DEB7 /* Build configuration list for PBXNativeTarget "PizzaW WatchKit App" */ = {
			isa = XCConfigurationList;
			buildConfigurations = (
				A777B7E81D7CBDBA0046DEB7 /* Debug */,
				A777B7E91D7CBDBA0046DEB7 /* Release */,
			);
			defaultConfigurationIsVisible = 0;
		};
		A777B7EB1D7CBDBA0046DEB7 /* Build configuration list for PBXNativeTarget "PizzaW" */ = {
			isa = XCConfigurationList;
			buildConfigurations = (
				A777B7EC1D7CBDBA0046DEB7 /* Debug */,
				A777B7ED1D7CBDBA0046DEB7 /* Release */,
			);
			defaultConfigurationIsVisible = 0;
		};
/* End XCConfigurationList section */
	};
	rootObject = A777B7A81D7CBDB90046DEB7 /* Project object */;
}
